// !$*UTF8*$!
{
	archiveVersion = 1;
	classes = {
	};
	objectVersion = 56;
	objects = {

/* Begin PBXBuildFile section */
		4A31D2762A6E7DCD00B3119D /* ImageClassificationView.swift in Sources */ = {isa = PBXBuildFile; fileRef = 4A31D2752A6E7DCD00B3119D /* ImageClassificationView.swift */; };
		4A31D2782A6E9C2400B3119D /* ImageClassificationViewModel.swift in Sources */ = {isa = PBXBuildFile; fileRef = 4A31D2772A6E9C2400B3119D /* ImageClassificationViewModel.swift */; };
		4A31D27A2A6F7C3D00B3119D /* SqueezeNet.mlmodel in Sources */ = {isa = PBXBuildFile; fileRef = 4A31D2792A6F7C3C00B3119D /* SqueezeNet.mlmodel */; };
		4A31D27D2A6F7F9000B3119D /* UIImageExtensions.swift in Sources */ = {isa = PBXBuildFile; fileRef = 4A31D27C2A6F7F9000B3119D /* UIImageExtensions.swift */; };
		4A32104D2A6C3519005013BC /* VisionFrameworkAppApp.swift in Sources */ = {isa = PBXBuildFile; fileRef = 4A32104C2A6C3519005013BC /* VisionFrameworkAppApp.swift */; };
		4A32104F2A6C3519005013BC /* ContentView.swift in Sources */ = {isa = PBXBuildFile; fileRef = 4A32104E2A6C3519005013BC /* ContentView.swift */; };
		4A3210512A6C351B005013BC /* Assets.xcassets in Resources */ = {isa = PBXBuildFile; fileRef = 4A3210502A6C351B005013BC /* Assets.xcassets */; };
		4A3210542A6C351B005013BC /* Preview Assets.xcassets in Resources */ = {isa = PBXBuildFile; fileRef = 4A3210532A6C351B005013BC /* Preview Assets.xcassets */; };
		4A856F142A79096B00569422 /* ImageAlignmentView.swift in Sources */ = {isa = PBXBuildFile; fileRef = 4A856F132A79096B00569422 /* ImageAlignmentView.swift */; };
		4A856F162A790B0800569422 /* ImageAlignmentViewModel.swift in Sources */ = {isa = PBXBuildFile; fileRef = 4A856F152A790B0800569422 /* ImageAlignmentViewModel.swift */; };
		4A95728B2A739C3200835105 /* ImageSaliencyView.swift in Sources */ = {isa = PBXBuildFile; fileRef = 4A95728A2A739C3200835105 /* ImageSaliencyView.swift */; };
		4A95728D2A73A1AB00835105 /* ImageSaliencyViewModel.swift in Sources */ = {isa = PBXBuildFile; fileRef = 4A95728C2A73A1AB00835105 /* ImageSaliencyViewModel.swift */; };
/* End PBXBuildFile section */

/* Begin PBXFileReference section */
		4A31D2752A6E7DCD00B3119D /* ImageClassificationView.swift */ = {isa = PBXFileReference; lastKnownFileType = sourcecode.swift; path = ImageClassificationView.swift; sourceTree = "<group>"; };
		4A31D2772A6E9C2400B3119D /* ImageClassificationViewModel.swift */ = {isa = PBXFileReference; lastKnownFileType = sourcecode.swift; path = ImageClassificationViewModel.swift; sourceTree = "<group>"; };
		4A31D2792A6F7C3C00B3119D /* SqueezeNet.mlmodel */ = {isa = PBXFileReference; lastKnownFileType = file.mlmodel; path = SqueezeNet.mlmodel; sourceTree = "<group>"; };
		4A31D27C2A6F7F9000B3119D /* UIImageExtensions.swift */ = {isa = PBXFileReference; lastKnownFileType = sourcecode.swift; path = UIImageExtensions.swift; sourceTree = "<group>"; };
		4A3210492A6C3519005013BC /* VisionFrameworkApp.app */ = {isa = PBXFileReference; explicitFileType = wrapper.application; includeInIndex = 0; path = VisionFrameworkApp.app; sourceTree = BUILT_PRODUCTS_DIR; };
		4A32104C2A6C3519005013BC /* VisionFrameworkAppApp.swift */ = {isa = PBXFileReference; lastKnownFileType = sourcecode.swift; path = VisionFrameworkAppApp.swift; sourceTree = "<group>"; };
		4A32104E2A6C3519005013BC /* ContentView.swift */ = {isa = PBXFileReference; lastKnownFileType = sourcecode.swift; path = ContentView.swift; sourceTree = "<group>"; };
		4A3210502A6C351B005013BC /* Assets.xcassets */ = {isa = PBXFileReference; lastKnownFileType = folder.assetcatalog; path = Assets.xcassets; sourceTree = "<group>"; };
		4A3210532A6C351B005013BC /* Preview Assets.xcassets */ = {isa = PBXFileReference; lastKnownFileType = folder.assetcatalog; path = "Preview Assets.xcassets"; sourceTree = "<group>"; };
		4A856F132A79096B00569422 /* ImageAlignmentView.swift */ = {isa = PBXFileReference; lastKnownFileType = sourcecode.swift; path = ImageAlignmentView.swift; sourceTree = "<group>"; };
		4A856F152A790B0800569422 /* ImageAlignmentViewModel.swift */ = {isa = PBXFileReference; lastKnownFileType = sourcecode.swift; path = ImageAlignmentViewModel.swift; sourceTree = "<group>"; };
		4A95728A2A739C3200835105 /* ImageSaliencyView.swift */ = {isa = PBXFileReference; lastKnownFileType = sourcecode.swift; path = ImageSaliencyView.swift; sourceTree = "<group>"; };
		4A95728C2A73A1AB00835105 /* ImageSaliencyViewModel.swift */ = {isa = PBXFileReference; lastKnownFileType = sourcecode.swift; path = ImageSaliencyViewModel.swift; sourceTree = "<group>"; };
/* End PBXFileReference section */

/* Begin PBXFrameworksBuildPhase section */
		4A3210462A6C3519005013BC /* Frameworks */ = {
			isa = PBXFrameworksBuildPhase;
			buildActionMask = 2147483647;
			files = (
			);
			runOnlyForDeploymentPostprocessing = 0;
		};
/* End PBXFrameworksBuildPhase section */

/* Begin PBXGroup section */
		4A31D2732A6E7DAC00B3119D /* Views */ = {
			isa = PBXGroup;
			children = (
				4A31D2752A6E7DCD00B3119D /* ImageClassificationView.swift */,
				4A95728A2A739C3200835105 /* ImageSaliencyView.swift */,
				4A856F132A79096B00569422 /* ImageAlignmentView.swift */,
			);
			path = Views;
			sourceTree = "<group>";
		};
		4A31D2742A6E7DB400B3119D /* View Models */ = {
			isa = PBXGroup;
			children = (
				4A31D2772A6E9C2400B3119D /* ImageClassificationViewModel.swift */,
				4A95728C2A73A1AB00835105 /* ImageSaliencyViewModel.swift */,
				4A856F152A790B0800569422 /* ImageAlignmentViewModel.swift */,
			);
			path = "View Models";
			sourceTree = "<group>";
		};
		4A31D27B2A6F7F7F00B3119D /* Helper */ = {
			isa = PBXGroup;
			children = (
				4A31D27C2A6F7F9000B3119D /* UIImageExtensions.swift */,
			);
			path = Helper;
			sourceTree = "<group>";
		};
		4A3210402A6C3519005013BC = {
			isa = PBXGroup;
			children = (
				4A32104B2A6C3519005013BC /* VisionFrameworkApp */,
				4A32104A2A6C3519005013BC /* Products */,
			);
			sourceTree = "<group>";
		};
		4A32104A2A6C3519005013BC /* Products */ = {
			isa = PBXGroup;
			children = (
				4A3210492A6C3519005013BC /* VisionFrameworkApp.app */,
			);
			name = Products;
			sourceTree = "<group>";
		};
		4A32104B2A6C3519005013BC /* VisionFrameworkApp */ = {
			isa = PBXGroup;
			children = (
				4A31D27B2A6F7F7F00B3119D /* Helper */,
				4A31D2792A6F7C3C00B3119D /* SqueezeNet.mlmodel */,
				4A31D2742A6E7DB400B3119D /* View Models */,
				4A31D2732A6E7DAC00B3119D /* Views */,
				4A32104C2A6C3519005013BC /* VisionFrameworkAppApp.swift */,
				4A32104E2A6C3519005013BC /* ContentView.swift */,
				4A3210502A6C351B005013BC /* Assets.xcassets */,
				4A3210522A6C351B005013BC /* Preview Content */,
			);
			path = VisionFrameworkApp;
			sourceTree = "<group>";
		};
		4A3210522A6C351B005013BC /* Preview Content */ = {
			isa = PBXGroup;
			children = (
				4A3210532A6C351B005013BC /* Preview Assets.xcassets */,
			);
			path = "Preview Content";
			sourceTree = "<group>";
		};
/* End PBXGroup section */

/* Begin PBXNativeTarget section */
		4A3210482A6C3519005013BC /* VisionFrameworkApp */ = {
			isa = PBXNativeTarget;
			buildConfigurationList = 4A3210572A6C351B005013BC /* Build configuration list for PBXNativeTarget "VisionFrameworkApp" */;
			buildPhases = (
				4A3210452A6C3519005013BC /* Sources */,
				4A3210462A6C3519005013BC /* Frameworks */,
				4A3210472A6C3519005013BC /* Resources */,
			);
			buildRules = (
			);
			dependencies = (
			);
			name = VisionFrameworkApp;
			productName = VisionFrameworkApp;
			productReference = 4A3210492A6C3519005013BC /* VisionFrameworkApp.app */;
			productType = "com.apple.product-type.application";
		};
/* End PBXNativeTarget section */

/* Begin PBXProject section */
		4A3210412A6C3519005013BC /* Project object */ = {
			isa = PBXProject;
			attributes = {
				BuildIndependentTargetsInParallel = 1;
				LastSwiftUpdateCheck = 1420;
				LastUpgradeCheck = 1420;
				TargetAttributes = {
					4A3210482A6C3519005013BC = {
						CreatedOnToolsVersion = 14.2;
					};
				};
			};
			buildConfigurationList = 4A3210442A6C3519005013BC /* Build configuration list for PBXProject "VisionFrameworkApp" */;
			compatibilityVersion = "Xcode 14.0";
			developmentRegion = en;
			hasScannedForEncodings = 0;
			knownRegions = (
				en,
				Base,
			);
			mainGroup = 4A3210402A6C3519005013BC;
			productRefGroup = 4A32104A2A6C3519005013BC /* Products */;
			projectDirPath = "";
			projectRoot = "";
			targets = (
				4A3210482A6C3519005013BC /* VisionFrameworkApp */,
			);
		};
/* End PBXProject section */

/* Begin PBXResourcesBuildPhase section */
		4A3210472A6C3519005013BC /* Resources */ = {
			isa = PBXResourcesBuildPhase;
			buildActionMask = 2147483647;
			files = (
				4A3210542A6C351B005013BC /* Preview Assets.xcassets in Resources */,
				4A3210512A6C351B005013BC /* Assets.xcassets in Resources */,
			);
			runOnlyForDeploymentPostprocessing = 0;
		};
/* End PBXResourcesBuildPhase section */

/* Begin PBXSourcesBuildPhase section */
		4A3210452A6C3519005013BC /* Sources */ = {
			isa = PBXSourcesBuildPhase;
			buildActionMask = 2147483647;
			files = (
				4A856F142A79096B00569422 /* ImageAlignmentView.swift in Sources */,
				4A31D2782A6E9C2400B3119D /* ImageClassificationViewModel.swift in Sources */,
				4A32104F2A6C3519005013BC /* ContentView.swift in Sources */,
				4A31D27A2A6F7C3D00B3119D /* SqueezeNet.mlmodel in Sources */,
				4A856F162A790B0800569422 /* ImageAlignmentViewModel.swift in Sources */,
				4A31D27D2A6F7F9000B3119D /* UIImageExtensions.swift in Sources */,
				4A32104D2A6C3519005013BC /* VisionFrameworkAppApp.swift in Sources */,
				4A31D2762A6E7DCD00B3119D /* ImageClassificationView.swift in Sources */,
				4A95728D2A73A1AB00835105 /* ImageSaliencyViewModel.swift in Sources */,
				4A95728B2A739C3200835105 /* ImageSaliencyView.swift in Sources */,
			);
			runOnlyForDeploymentPostprocessing = 0;
		};
/* End PBXSourcesBuildPhase section */

/* Begin XCBuildConfiguration section */
		4A3210552A6C351B005013BC /* Debug */ = {
			isa = XCBuildConfiguration;
			buildSettings = {
				ALWAYS_SEARCH_USER_PATHS = NO;
				CLANG_ANALYZER_NONNULL = YES;
				CLANG_ANALYZER_NUMBER_OBJECT_CONVERSION = YES_AGGRESSIVE;
				CLANG_CXX_LANGUAGE_STANDARD = "gnu++20";
				CLANG_ENABLE_MODULES = YES;
				CLANG_ENABLE_OBJC_ARC = YES;
				CLANG_ENABLE_OBJC_WEAK = YES;
				CLANG_WARN_BLOCK_CAPTURE_AUTORELEASING = YES;
				CLANG_WARN_BOOL_CONVERSION = YES;
				CLANG_WARN_COMMA = YES;
				CLANG_WARN_CONSTANT_CONVERSION = YES;
				CLANG_WARN_DEPRECATED_OBJC_IMPLEMENTATIONS = YES;
				CLANG_WARN_DIRECT_OBJC_ISA_USAGE = YES_ERROR;
				CLANG_WARN_DOCUMENTATION_COMMENTS = YES;
				CLANG_WARN_EMPTY_BODY = YES;
				CLANG_WARN_ENUM_CONVERSION = YES;
				CLANG_WARN_INFINITE_RECURSION = YES;
				CLANG_WARN_INT_CONVERSION = YES;
				CLANG_WARN_NON_LITERAL_NULL_CONVERSION = YES;
				CLANG_WARN_OBJC_IMPLICIT_RETAIN_SELF = YES;
				CLANG_WARN_OBJC_LITERAL_CONVERSION = YES;
				CLANG_WARN_OBJC_ROOT_CLASS = YES_ERROR;
				CLANG_WARN_QUOTED_INCLUDE_IN_FRAMEWORK_HEADER = YES;
				CLANG_WARN_RANGE_LOOP_ANALYSIS = YES;
				CLANG_WARN_STRICT_PROTOTYPES = YES;
				CLANG_WARN_SUSPICIOUS_MOVE = YES;
				CLANG_WARN_UNGUARDED_AVAILABILITY = YES_AGGRESSIVE;
				CLANG_WARN_UNREACHABLE_CODE = YES;
				CLANG_WARN__DUPLICATE_METHOD_MATCH = YES;
				COPY_PHASE_STRIP = NO;
				DEBUG_INFORMATION_FORMAT = dwarf;
				ENABLE_STRICT_OBJC_MSGSEND = YES;
				ENABLE_TESTABILITY = YES;
				GCC_C_LANGUAGE_STANDARD = gnu11;
				GCC_DYNAMIC_NO_PIC = NO;
				GCC_NO_COMMON_BLOCKS = YES;
				GCC_OPTIMIZATION_LEVEL = 0;
				GCC_PREPROCESSOR_DEFINITIONS = (
					"DEBUG=1",
					"$(inherited)",
				);
				GCC_WARN_64_TO_32_BIT_CONVERSION = YES;
				GCC_WARN_ABOUT_RETURN_TYPE = YES_ERROR;
				GCC_WARN_UNDECLARED_SELECTOR = YES;
				GCC_WARN_UNINITIALIZED_AUTOS = YES_AGGRESSIVE;
				GCC_WARN_UNUSED_FUNCTION = YES;
				GCC_WARN_UNUSED_VARIABLE = YES;
				IPHONEOS_DEPLOYMENT_TARGET = 16.0;
				MTL_ENABLE_DEBUG_INFO = INCLUDE_SOURCE;
				MTL_FAST_MATH = YES;
				ONLY_ACTIVE_ARCH = YES;
				SDKROOT = iphoneos;
				SWIFT_ACTIVE_COMPILATION_CONDITIONS = DEBUG;
				SWIFT_OPTIMIZATION_LEVEL = "-Onone";
			};
			name = Debug;
		};
		4A3210562A6C351B005013BC /* Release */ = {
			isa = XCBuildConfiguration;
			buildSettings = {
				ALWAYS_SEARCH_USER_PATHS = NO;
				CLANG_ANALYZER_NONNULL = YES;
				CLANG_ANALYZER_NUMBER_OBJECT_CONVERSION = YES_AGGRESSIVE;
				CLANG_CXX_LANGUAGE_STANDARD = "gnu++20";
				CLANG_ENABLE_MODULES = YES;
				CLANG_ENABLE_OBJC_ARC = YES;
				CLANG_ENABLE_OBJC_WEAK = YES;
				CLANG_WARN_BLOCK_CAPTURE_AUTORELEASING = YES;
				CLANG_WARN_BOOL_CONVERSION = YES;
				CLANG_WARN_COMMA = YES;
				CLANG_WARN_CONSTANT_CONVERSION = YES;
				CLANG_WARN_DEPRECATED_OBJC_IMPLEMENTATIONS = YES;
				CLANG_WARN_DIRECT_OBJC_ISA_USAGE = YES_ERROR;
				CLANG_WARN_DOCUMENTATION_COMMENTS = YES;
				CLANG_WARN_EMPTY_BODY = YES;
				CLANG_WARN_ENUM_CONVERSION = YES;
				CLANG_WARN_INFINITE_RECURSION = YES;
				CLANG_WARN_INT_CONVERSION = YES;
				CLANG_WARN_NON_LITERAL_NULL_CONVERSION = YES;
				CLANG_WARN_OBJC_IMPLICIT_RETAIN_SELF = YES;
				CLANG_WARN_OBJC_LITERAL_CONVERSION = YES;
				CLANG_WARN_OBJC_ROOT_CLASS = YES_ERROR;
				CLANG_WARN_QUOTED_INCLUDE_IN_FRAMEWORK_HEADER = YES;
				CLANG_WARN_RANGE_LOOP_ANALYSIS = YES;
				CLANG_WARN_STRICT_PROTOTYPES = YES;
				CLANG_WARN_SUSPICIOUS_MOVE = YES;
				CLANG_WARN_UNGUARDED_AVAILABILITY = YES_AGGRESSIVE;
				CLANG_WARN_UNREACHABLE_CODE = YES;
				CLANG_WARN__DUPLICATE_METHOD_MATCH = YES;
				COPY_PHASE_STRIP = NO;
				DEBUG_INFORMATION_FORMAT = "dwarf-with-dsym";
				ENABLE_NS_ASSERTIONS = NO;
				ENABLE_STRICT_OBJC_MSGSEND = YES;
				GCC_C_LANGUAGE_STANDARD = gnu11;
				GCC_NO_COMMON_BLOCKS = YES;
				GCC_WARN_64_TO_32_BIT_CONVERSION = YES;
				GCC_WARN_ABOUT_RETURN_TYPE = YES_ERROR;
				GCC_WARN_UNDECLARED_SELECTOR = YES;
				GCC_WARN_UNINITIALIZED_AUTOS = YES_AGGRESSIVE;
				GCC_WARN_UNUSED_FUNCTION = YES;
				GCC_WARN_UNUSED_VARIABLE = YES;
				IPHONEOS_DEPLOYMENT_TARGET = 16.0;
				MTL_ENABLE_DEBUG_INFO = NO;
				MTL_FAST_MATH = YES;
				SDKROOT = iphoneos;
				SWIFT_COMPILATION_MODE = wholemodule;
				SWIFT_OPTIMIZATION_LEVEL = "-O";
				VALIDATE_PRODUCT = YES;
			};
			name = Release;
		};
		4A3210582A6C351B005013BC /* Debug */ = {
			isa = XCBuildConfiguration;
			buildSettings = {
				ASSETCATALOG_COMPILER_APPICON_NAME = AppIcon;
				ASSETCATALOG_COMPILER_GLOBAL_ACCENT_COLOR_NAME = AccentColor;
				CODE_SIGN_STYLE = Automatic;
				CURRENT_PROJECT_VERSION = 1;
				DEVELOPMENT_ASSET_PATHS = "\"VisionFrameworkApp/Preview Content\"";
				DEVELOPMENT_TEAM = N65MK7D7BV;
				ENABLE_PREVIEWS = YES;
				GENERATE_INFOPLIST_FILE = YES;
				INFOPLIST_KEY_NSPhotoLibraryUsageDescription = "Demo testing";
				INFOPLIST_KEY_UIApplicationSceneManifest_Generation = YES;
				INFOPLIST_KEY_UIApplicationSupportsIndirectInputEvents = YES;
				INFOPLIST_KEY_UILaunchScreen_Generation = YES;
				INFOPLIST_KEY_UISupportedInterfaceOrientations_iPad = "UIInterfaceOrientationPortrait UIInterfaceOrientationPortraitUpsideDown UIInterfaceOrientationLandscapeLeft UIInterfaceOrientationLandscapeRight";
				INFOPLIST_KEY_UISupportedInterfaceOrientations_iPhone = "UIInterfaceOrientationPortrait UIInterfaceOrientationLandscapeLeft UIInterfaceOrientationLandscapeRight";
				IPHONEOS_DEPLOYMENT_TARGET = 16.0;
				LD_RUNPATH_SEARCH_PATHS = (
					"$(inherited)",
					"@executable_path/Frameworks",
				);
				MARKETING_VERSION = 1.0;
				PRODUCT_BUNDLE_IDENTIFIER = pizzeStudio.VisionFrameworkApp;
				PRODUCT_NAME = "$(TARGET_NAME)";
				SUPPORTED_PLATFORMS = "iphoneos iphonesimulator macosx";
				SUPPORTS_MACCATALYST = NO;
				SUPPORTS_MAC_DESIGNED_FOR_IPHONE_IPAD = NO;
				SWIFT_EMIT_LOC_STRINGS = YES;
				SWIFT_VERSION = 5.0;
				TARGETED_DEVICE_FAMILY = "1,2";
			};
			name = Debug;
		};
		4A3210592A6C351B005013BC /* Release */ = {
			isa = XCBuildConfiguration;
			buildSettings = {
				ASSETCATALOG_COMPILER_APPICON_NAME = AppIcon;
				ASSETCATALOG_COMPILER_GLOBAL_ACCENT_COLOR_NAME = AccentColor;
				CODE_SIGN_STYLE = Automatic;
				CURRENT_PROJECT_VERSION = 1;
				DEVELOPMENT_ASSET_PATHS = "\"VisionFrameworkApp/Preview Content\"";
				DEVELOPMENT_TEAM = N65MK7D7BV;
				ENABLE_PREVIEWS = YES;
				GENERATE_INFOPLIST_FILE = YES;
				INFOPLIST_KEY_NSPhotoLibraryUsageDescription = "Demo testing";
				INFOPLIST_KEY_UIApplicationSceneManifest_Generation = YES;
				INFOPLIST_KEY_UIApplicationSupportsIndirectInputEvents = YES;
				INFOPLIST_KEY_UILaunchScreen_Generation = YES;
				INFOPLIST_KEY_UISupportedInterfaceOrientations_iPad = "UIInterfaceOrientationPortrait UIInterfaceOrientationPortraitUpsideDown UIInterfaceOrientationLandscapeLeft UIInterfaceOrientationLandscapeRight";
				INFOPLIST_KEY_UISupportedInterfaceOrientations_iPhone = "UIInterfaceOrientationPortrait UIInterfaceOrientationLandscapeLeft UIInterfaceOrientationLandscapeRight";
				IPHONEOS_DEPLOYMENT_TARGET = 16.0;
				LD_RUNPATH_SEARCH_PATHS = (
					"$(inherited)",
					"@executable_path/Frameworks",
				);
				MARKETING_VERSION = 1.0;
				PRODUCT_BUNDLE_IDENTIFIER = pizzeStudio.VisionFrameworkApp;
				PRODUCT_NAME = "$(TARGET_NAME)";
				SUPPORTED_PLATFORMS = "iphoneos iphonesimulator macosx";
				SUPPORTS_MACCATALYST = NO;
				SUPPORTS_MAC_DESIGNED_FOR_IPHONE_IPAD = NO;
				SWIFT_EMIT_LOC_STRINGS = YES;
				SWIFT_VERSION = 5.0;
				TARGETED_DEVICE_FAMILY = "1,2";
			};
			name = Release;
		};
/* End XCBuildConfiguration section */

/* Begin XCConfigurationList section */
		4A3210442A6C3519005013BC /* Build configuration list for PBXProject "VisionFrameworkApp" */ = {
			isa = XCConfigurationList;
			buildConfigurations = (
				4A3210552A6C351B005013BC /* Debug */,
				4A3210562A6C351B005013BC /* Release */,
			);
			defaultConfigurationIsVisible = 0;
			defaultConfigurationName = Release;
		};
		4A3210572A6C351B005013BC /* Build configuration list for PBXNativeTarget "VisionFrameworkApp" */ = {
			isa = XCConfigurationList;
			buildConfigurations = (
				4A3210582A6C351B005013BC /* Debug */,
				4A3210592A6C351B005013BC /* Release */,
			);
			defaultConfigurationIsVisible = 0;
			defaultConfigurationName = Release;
		};
/* End XCConfigurationList section */
	};
	rootObject = 4A3210412A6C3519005013BC /* Project object */;
}
